
Microsoft Visual Studio Solution File, Format Version 12.00
# Visual Studio Version 16
VisualStudioVersion = 16.0.30002.166
MinimumVisualStudioVersion = 10.0.40219.1
Project("{FAE04EC0-301F-11D3-BF4B-00C04F79EFBC}") = "BethanysPieShopXamarin.UWP", "BethanysPieShopXamarin\BethanysPieShopXamarin.UWP\BethanysPieShopXamarin.UWP.csproj", "{7C9B3FB9-7C3A-4F4A-858A-AE554EEDC2EE}"
EndProject
Project("{FAE04EC0-301F-11D3-BF4B-00C04F79EFBC}") = "BethanysPieShopXamarin.Android", "BethanysPieShopXamarin\BethanysPieShopXamarin.Android\BethanysPieShopXamarin.Android.csproj", "{69375443-AA56-4389-B207-61EFA21CA62A}"
EndProject
Project("{FAE04EC0-301F-11D3-BF4B-00C04F79EFBC}") = "BethanysPieShopXamarin.iOS", "BethanysPieShopXamarin\BethanysPieShopXamarin.iOS\BethanysPieShopXamarin.iOS.csproj", "{08B6123F-DCA7-4D16-BAC1-2555DEECA2DC}"
EndProject
Project("{FAE04EC0-301F-11D3-BF4B-00C04F79EFBC}") = "BethanysPieShopXamarin", "BethanysPieShopXamarin\BethanysPieShopXamarin\BethanysPieShopXamarin.csproj", "{FB068AC6-942E-41C0-98CF-D1CE07617700}"
EndProject
Global
	GlobalSection(SolutionConfigurationPlatforms) = preSolution
		Debug|Any CPU = Debug|Any CPU
		Debug|ARM = Debug|ARM
		Debug|iPhone = Debug|iPhone
		Debug|iPhoneSimulator = Debug|iPhoneSimulator
		Debug|x64 = Debug|x64
		Debug|x86 = Debug|x86
		Release|Any CPU = Release|Any CPU
		Release|ARM = Release|ARM
		Release|iPhone = Release|iPhone
		Release|iPhoneSimulator = Release|iPhoneSimulator
		Release|x64 = Release|x64
		Release|x86 = Release|x86
	EndGlobalSection
	GlobalSection(ProjectConfigurationPlatforms) = postSolution
		{7C9B3FB9-7C3A-4F4A-858A-AE554EEDC2EE}.Debug|Any CPU.ActiveCfg = Debug|x86
		{7C9B3FB9-7C3A-4F4A-858A-AE554EEDC2EE}.Debug|Any CPU.Build.0 = Debug|x86
		{7C9B3FB9-7C3A-4F4A-858A-AE554EEDC2EE}.Debug|Any CPU.Deploy.0 = Debug|x86
		{7C9B3FB9-7C3A-4F4A-858A-AE554EEDC2EE}.Debug|ARM.ActiveCfg = Debug|ARM
		{7C9B3FB9-7C3A-4F4A-858A-AE554EEDC2EE}.Debug|ARM.Build.0 = Debug|ARM
		{7C9B3FB9-7C3A-4F4A-858A-AE554EEDC2EE}.Debug|ARM.Deploy.0 = Debug|ARM
		{7C9B3FB9-7C3A-4F4A-858A-AE554EEDC2EE}.Debug|iPhone.ActiveCfg = Debug|x86
		{7C9B3FB9-7C3A-4F4A-858A-AE554EEDC2EE}.Debug|iPhone.Build.0 = Debug|x86
		{7C9B3FB9-7C3A-4F4A-858A-AE554EEDC2EE}.Debug|iPhone.Deploy.0 = Debug|x86
		{7C9B3FB9-7C3A-4F4A-858A-AE554EEDC2EE}.Debug|iPhoneSimulator.ActiveCfg = Debug|x86
		{7C9B3FB9-7C3A-4F4A-858A-AE554EEDC2EE}.Debug|iPhoneSimulator.Build.0 = Debug|x86
		{7C9B3FB9-7C3A-4F4A-858A-AE554EEDC2EE}.Debug|iPhoneSimulator.Deploy.0 = Debug|x86
		{7C9B3FB9-7C3A-4F4A-858A-AE554EEDC2EE}.Debug|x64.ActiveCfg = Debug|x64
		{7C9B3FB9-7C3A-4F4A-858A-AE554EEDC2EE}.Debug|x64.Build.0 = Debug|x64
		{7C9B3FB9-7C3A-4F4A-858A-AE554EEDC2EE}.Debug|x64.Deploy.0 = Debug|x64
		{7C9B3FB9-7C3A-4F4A-858A-AE554EEDC2EE}.Debug|x86.ActiveCfg = Debug|x86
		{7C9B3FB9-7C3A-4F4A-858A-AE554EEDC2EE}.Debug|x86.Build.0 = Debug|x86
		{7C9B3FB9-7C3A-4F4A-858A-AE554EEDC2EE}.Debug|x86.Deploy.0 = Debug|x86
		{7C9B3FB9-7C3A-4F4A-858A-AE554EEDC2EE}.Release|Any CPU.ActiveCfg = Release|x86
		{7C9B3FB9-7C3A-4F4A-858A-AE554EEDC2EE}.Release|Any CPU.Build.0 = Release|x86
		{7C9B3FB9-7C3A-4F4A-858A-AE554EEDC2EE}.Release|Any CPU.Deploy.0 = Release|x86
		{7C9B3FB9-7C3A-4F4A-858A-AE554EEDC2EE}.Release|ARM.ActiveCfg = Release|ARM
		{7C9B3FB9-7C3A-4F4A-858A-AE554EEDC2EE}.Release|ARM.Build.0 = Release|ARM
		{7C9B3FB9-7C3A-4F4A-858A-AE554EEDC2EE}.Release|ARM.Deploy.0 = Release|ARM
		{7C9B3FB9-7C3A-4F4A-858A-AE554EEDC2EE}.Release|iPhone.ActiveCfg = Release|x86
		{7C9B3FB9-7C3A-4F4A-858A-AE554EEDC2EE}.Release|iPhone.Build.0 = Release|x86
		{7C9B3FB9-7C3A-4F4A-858A-AE554EEDC2EE}.Release|iPhone.Deploy.0 = Release|x86
		{7C9B3FB9-7C3A-4F4A-858A-AE554EEDC2EE}.Release|iPhoneSimulator.ActiveCfg = Release|x86
		{7C9B3FB9-7C3A-4F4A-858A-AE554EEDC2EE}.Release|iPhoneSimulator.Build.0 = Release|x86
		{7C9B3FB9-7C3A-4F4A-858A-AE554EEDC2EE}.Release|iPhoneSimulator.Deploy.0 = Release|x86
		{7C9B3FB9-7C3A-4F4A-858A-AE554EEDC2EE}.Release|x64.ActiveCfg = Release|x64
		{7C9B3FB9-7C3A-4F4A-858A-AE554EEDC2EE}.Release|x64.Build.0 = Release|x64
		{7C9B3FB9-7C3A-4F4A-858A-AE554EEDC2EE}.Release|x64.Deploy.0 = Release|x64
		{7C9B3FB9-7C3A-4F4A-858A-AE554EEDC2EE}.Release|x86.ActiveCfg = Release|x86
		{7C9B3FB9-7C3A-4F4A-858A-AE554EEDC2EE}.Release|x86.Build.0 = Release|x86
		{7C9B3FB9-7C3A-4F4A-858A-AE554EEDC2EE}.Release|x86.Deploy.0 = Release|x86
		{69375443-AA56-4389-B207-61EFA21CA62A}.Debug|Any CPU.ActiveCfg = Debug|Any CPU
		{69375443-AA56-4389-B207-61EFA21CA62A}.Debug|Any CPU.Build.0 = Debug|Any CPU
		{69375443-AA56-4389-B207-61EFA21CA62A}.Debug|Any CPU.Deploy.0 = Debug|Any CPU
		{69375443-AA56-4389-B207-61EFA21CA62A}.Debug|ARM.ActiveCfg = Debug|Any CPU
		{69375443-AA56-4389-B207-61EFA21CA62A}.Debug|ARM.Build.0 = Debug|Any CPU
		{69375443-AA56-4389-B207-61EFA21CA62A}.Debug|ARM.Deploy.0 = Debug|Any CPU
		{69375443-AA56-4389-B207-61EFA21CA62A}.Debug|iPhone.ActiveCfg = Debug|Any CPU
		{69375443-AA56-4389-B207-61EFA21CA62A}.Debug|iPhone.Build.0 = Debug|Any CPU
		{69375443-AA56-4389-B207-61EFA21CA62A}.Debug|iPhone.Deploy.0 = Debug|Any CPU
		{69375443-AA56-4389-B207-61EFA21CA62A}.Debug|iPhoneSimulator.ActiveCfg = Debug|Any CPU
		{69375443-AA56-4389-B207-61EFA21CA62A}.Debug|iPhoneSimulator.Build.0 = Debug|Any CPU
		{69375443-AA56-4389-B207-61EFA21CA62A}.Debug|iPhoneSimulator.Deploy.0 = Debug|Any CPU
		{69375443-AA56-4389-B207-61EFA21CA62A}.Debug|x64.ActiveCfg = Debug|Any CPU
		{69375443-AA56-4389-B207-61EFA21CA62A}.Debug|x64.Build.0 = Debug|Any CPU
		{69375443-AA56-4389-B207-61EFA21CA62A}.Debug|x64.Deploy.0 = Debug|Any CPU
		{69375443-AA56-4389-B207-61EFA21CA62A}.Debug|x86.ActiveCfg = Debug|Any CPU
		{69375443-AA56-4389-B207-61EFA21CA62A}.Debug|x86.Build.0 = Debug|Any CPU
		{69375443-AA56-4389-B207-61EFA21CA62A}.Debug|x86.Deploy.0 = Debug|Any CPU
		{69375443-AA56-4389-B207-61EFA21CA62A}.Release|Any CPU.ActiveCfg = Release|Any CPU
		{69375443-AA56-4389-B207-61EFA21CA62A}.Release|Any CPU.Build.0 = Release|Any CPU
		{69375443-AA56-4389-B207-61EFA21CA62A}.Release|Any CPU.Deploy.0 = Release|Any CPU
		{69375443-AA56-4389-B207-61EFA21CA62A}.Release|ARM.ActiveCfg = Release|Any CPU
		{69375443-AA56-4389-B207-61EFA21CA62A}.Release|ARM.Build.0 = Release|Any CPU
		{69375443-AA56-4389-B207-61EFA21CA62A}.Release|ARM.Deploy.0 = Release|Any CPU
		{69375443-AA56-4389-B207-61EFA21CA62A}.Release|iPhone.ActiveCfg = Release|Any CPU
		{69375443-AA56-4389-B207-61EFA21CA62A}.Release|iPhone.Build.0 = Release|Any CPU
		{69375443-AA56-4389-B207-61EFA21CA62A}.Release|iPhone.Deploy.0 = Release|Any CPU
		{69375443-AA56-4389-B207-61EFA21CA62A}.Release|iPhoneSimulator.ActiveCfg = Release|Any CPU
		{69375443-AA56-4389-B207-61EFA21CA62A}.Release|iPhoneSimulator.Build.0 = Release|Any CPU
		{69375443-AA56-4389-B207-61EFA21CA62A}.Release|iPhoneSimulator.Deploy.0 = Release|Any CPU
		{69375443-AA56-4389-B207-61EFA21CA62A}.Release|x64.ActiveCfg = Release|Any CPU
		{69375443-AA56-4389-B207-61EFA21CA62A}.Release|x64.Build.0 = Release|Any CPU
		{69375443-AA56-4389-B207-61EFA21CA62A}.Release|x64.Deploy.0 = Release|Any CPU
		{69375443-AA56-4389-B207-61EFA21CA62A}.Release|x86.ActiveCfg = Release|Any CPU
		{69375443-AA56-4389-B207-61EFA21CA62A}.Release|x86.Build.0 = Release|Any CPU
		{69375443-AA56-4389-B207-61EFA21CA62A}.Release|x86.Deploy.0 = Release|Any CPU
		{08B6123F-DCA7-4D16-BAC1-2555DEECA2DC}.Debug|Any CPU.ActiveCfg = Debug|iPhone
		{08B6123F-DCA7-4D16-BAC1-2555DEECA2DC}.Debug|Any CPU.Build.0 = Debug|iPhone
		{08B6123F-DCA7-4D16-BAC1-2555DEECA2DC}.Debug|Any CPU.Deploy.0 = Debug|iPhone
		{08B6123F-DCA7-4D16-BAC1-2555DEECA2DC}.Debug|ARM.ActiveCfg = Debug|iPhone
		{08B6123F-DCA7-4D16-BAC1-2555DEECA2DC}.Debug|ARM.Build.0 = Debug|iPhone
		{08B6123F-DCA7-4D16-BAC1-2555DEECA2DC}.Debug|ARM.Deploy.0 = Debug|iPhone
		{08B6123F-DCA7-4D16-BAC1-2555DEECA2DC}.Debug|iPhone.ActiveCfg = Debug|iPhone
		{08B6123F-DCA7-4D16-BAC1-2555DEECA2DC}.Debug|iPhone.Build.0 = Debug|iPhone
		{08B6123F-DCA7-4D16-BAC1-2555DEECA2DC}.Debug|iPhone.Deploy.0 = Debug|iPhone
		{08B6123F-DCA7-4D16-BAC1-2555DEECA2DC}.Debug|iPhoneSimulator.ActiveCfg = Debug|iPhoneSimulator
		{08B6123F-DCA7-4D16-BAC1-2555DEECA2DC}.Debug|iPhoneSimulator.Build.0 = Debug|iPhoneSimulator
		{08B6123F-DCA7-4D16-BAC1-2555DEECA2DC}.Debug|iPhoneSimulator.Deploy.0 = Debug|iPhoneSimulator
		{08B6123F-DCA7-4D16-BAC1-2555DEECA2DC}.Debug|x64.ActiveCfg = Debug|iPhone
		{08B6123F-DCA7-4D16-BAC1-2555DEECA2DC}.Debug|x64.Build.0 = Debug|iPhone
		{08B6123F-DCA7-4D16-BAC1-2555DEECA2DC}.Debug|x64.Deploy.0 = Debug|iPhone
		{08B6123F-DCA7-4D16-BAC1-2555DEECA2DC}.Debug|x86.ActiveCfg = Debug|iPhone
		{08B6123F-DCA7-4D16-BAC1-2555DEECA2DC}.Debug|x86.Build.0 = Debug|iPhone
		{08B6123F-DCA7-4D16-BAC1-2555DEECA2DC}.Debug|x86.Deploy.0 = Debug|iPhone
		{08B6123F-DCA7-4D16-BAC1-2555DEECA2DC}.Release|Any CPU.ActiveCfg = Release|iPhone
		{08B6123F-DCA7-4D16-BAC1-2555DEECA2DC}.Release|Any CPU.Build.0 = Release|iPhone
		{08B6123F-DCA7-4D16-BAC1-2555DEECA2DC}.Release|Any CPU.Deploy.0 = Release|iPhone
		{08B6123F-DCA7-4D16-BAC1-2555DEECA2DC}.Release|ARM.ActiveCfg = Release|iPhone
		{08B6123F-DCA7-4D16-BAC1-2555DEECA2DC}.Release|ARM.Build.0 = Release|iPhone
		{08B6123F-DCA7-4D16-BAC1-2555DEECA2DC}.Release|ARM.Deploy.0 = Release|iPhone
		{08B6123F-DCA7-4D16-BAC1-2555DEECA2DC}.Release|iPhone.ActiveCfg = Release|iPhone
		{08B6123F-DCA7-4D16-BAC1-2555DEECA2DC}.Release|iPhone.Build.0 = Release|iPhone
		{08B6123F-DCA7-4D16-BAC1-2555DEECA2DC}.Release|iPhone.Deploy.0 = Release|iPhone
		{08B6123F-DCA7-4D16-BAC1-2555DEECA2DC}.Release|iPhoneSimulator.ActiveCfg = Release|iPhoneSimulator
		{08B6123F-DCA7-4D16-BAC1-2555DEECA2DC}.Release|iPhoneSimulator.Build.0 = Release|iPhoneSimulator
		{08B6123F-DCA7-4D16-BAC1-2555DEECA2DC}.Release|iPhoneSimulator.Deploy.0 = Release|iPhoneSimulator
		{08B6123F-DCA7-4D16-BAC1-2555DEECA2DC}.Release|x64.ActiveCfg = Release|iPhone
		{08B6123F-DCA7-4D16-BAC1-2555DEECA2DC}.Release|x64.Build.0 = Release|iPhone
		{08B6123F-DCA7-4D16-BAC1-2555DEECA2DC}.Release|x64.Deploy.0 = Release|iPhone
		{08B6123F-DCA7-4D16-BAC1-2555DEECA2DC}.Release|x86.ActiveCfg = Release|iPhone
		{08B6123F-DCA7-4D16-BAC1-2555DEECA2DC}.Release|x86.Build.0 = Release|iPhone
		{08B6123F-DCA7-4D16-BAC1-2555DEECA2DC}.Release|x86.Deploy.0 = Release|iPhone
		{FB068AC6-942E-41C0-98CF-D1CE07617700}.Debug|Any CPU.ActiveCfg = Debug|Any CPU
		{FB068AC6-942E-41C0-98CF-D1CE07617700}.Debug|Any CPU.Build.0 = Debug|Any CPU
		{FB068AC6-942E-41C0-98CF-D1CE07617700}.Debug|Any CPU.Deploy.0 = Debug|Any CPU
		{FB068AC6-942E-41C0-98CF-D1CE07617700}.Debug|ARM.ActiveCfg = Debug|Any CPU
		{FB068AC6-942E-41C0-98CF-D1CE07617700}.Debug|ARM.Build.0 = Debug|Any CPU
		{FB068AC6-942E-41C0-98CF-D1CE07617700}.Debug|ARM.Deploy.0 = Debug|Any CPU
		{FB068AC6-942E-41C0-98CF-D1CE07617700}.Debug|iPhone.ActiveCfg = Debug|Any CPU
		{FB068AC6-942E-41C0-98CF-D1CE07617700}.Debug|iPhone.Build.0 = Debug|Any CPU
		{FB068AC6-942E-41C0-98CF-D1CE07617700}.Debug|iPhone.Deploy.0 = Debug|Any CPU
		{FB068AC6-942E-41C0-98CF-D1CE07617700}.Debug|iPhoneSimulator.ActiveCfg = Debug|Any CPU
		{FB068AC6-942E-41C0-98CF-D1CE07617700}.Debug|iPhoneSimulator.Build.0 = Debug|Any CPU
		{FB068AC6-942E-41C0-98CF-D1CE07617700}.Debug|iPhoneSimulator.Deploy.0 = Debug|Any CPU
		{FB068AC6-942E-41C0-98CF-D1CE07617700}.Debug|x64.ActiveCfg = Debug|Any CPU
		{FB068AC6-942E-41C0-98CF-D1CE07617700}.Debug|x64.Build.0 = Debug|Any CPU
		{FB068AC6-942E-41C0-98CF-D1CE07617700}.Debug|x64.Deploy.0 = Debug|Any CPU
		{FB068AC6-942E-41C0-98CF-D1CE07617700}.Debug|x86.ActiveCfg = Debug|Any CPU
		{FB068AC6-942E-41C0-98CF-D1CE07617700}.Debug|x86.Build.0 = Debug|Any CPU
		{FB068AC6-942E-41C0-98CF-D1CE07617700}.Debug|x86.Deploy.0 = Debug|Any CPU
		{FB068AC6-942E-41C0-98CF-D1CE07617700}.Release|Any CPU.ActiveCfg = Release|Any CPU
		{FB068AC6-942E-41C0-98CF-D1CE07617700}.Release|Any CPU.Build.0 = Release|Any CPU
		{FB068AC6-942E-41C0-98CF-D1CE07617700}.Release|Any CPU.Deploy.0 = Release|Any CPU
		{FB068AC6-942E-41C0-98CF-D1CE07617700}.Release|ARM.ActiveCfg = Release|Any CPU
		{FB068AC6-942E-41C0-98CF-D1CE07617700}.Release|ARM.Build.0 = Release|Any CPU
		{FB068AC6-942E-41C0-98CF-D1CE07617700}.Release|ARM.Deploy.0 = Release|Any CPU
		{FB068AC6-942E-41C0-98CF-D1CE07617700}.Release|iPhone.ActiveCfg = Release|Any CPU
		{FB068AC6-942E-41C0-98CF-D1CE07617700}.Release|iPhone.Build.0 = Release|Any CPU
		{FB068AC6-942E-41C0-98CF-D1CE07617700}.Release|iPhone.Deploy.0 = Release|Any CPU
		{FB068AC6-942E-41C0-98CF-D1CE07617700}.Release|iPhoneSimulator.ActiveCfg = Release|Any CPU
		{FB068AC6-942E-41C0-98CF-D1CE07617700}.Release|iPhoneSimulator.Build.0 = Release|Any CPU
		{FB068AC6-942E-41C0-98CF-D1CE07617700}.Release|iPhoneSimulator.Deploy.0 = Release|Any CPU
		{FB068AC6-942E-41C0-98CF-D1CE07617700}.Release|x64.ActiveCfg = Release|Any CPU
		{FB068AC6-942E-41C0-98CF-D1CE07617700}.Release|x64.Build.0 = Release|Any CPU
		{FB068AC6-942E-41C0-98CF-D1CE07617700}.Release|x64.Deploy.0 = Release|Any CPU
		{FB068AC6-942E-41C0-98CF-D1CE07617700}.Release|x86.ActiveCfg = Release|Any CPU
		{FB068AC6-942E-41C0-98CF-D1CE07617700}.Release|x86.Build.0 = Release|Any CPU
		{FB068AC6-942E-41C0-98CF-D1CE07617700}.Release|x86.Deploy.0 = Release|Any CPU
	EndGlobalSection
	GlobalSection(SolutionProperties) = preSolution
		HideSolutionNode = FALSE
	EndGlobalSection
	GlobalSection(ExtensibilityGlobals) = postSolution
		SolutionGuid = {D53BE7D8-33E2-4FDF-8136-76B475F6D309}
	EndGlobalSection
EndGlobal
